
Microsoft Visual Studio Solution File, Format Version 12.00
# Visual Studio Version 17
VisualStudioVersion = 17.14.36203.30 d17.14
MinimumVisualStudioVersion = 10.0.40219.1
Project("{888888A0-9F3D-457C-B088-3A5042F75D52}") = "trashtracker-ai", "trashtracker-ai.pyproj", "{9B330EEB-ACBF-4635-8EAA-0981A6C3540E}"
EndProject
Global
	GlobalSection(SolutionConfigurationPlatforms) = preSolution
		Debug|Any CPU = Debug|Any CPU
		Release|Any CPU = Release|Any CPU
	EndGlobalSection
	GlobalSection(ProjectConfigurationPlatforms) = postSolution
		{9B330EEB-ACBF-4635-8EAA-0981A6C3540E}.Debug|Any CPU.ActiveCfg = Debug|Any CPU
		{9B330EEB-ACBF-4635-8EAA-0981A6C3540E}.Release|Any CPU.ActiveCfg = Release|Any CPU
	EndGlobalSection
	GlobalSection(SolutionProperties) = preSolution
		HideSolutionNode = FALSE
	EndGlobalSection
	GlobalSection(ExtensibilityGlobals) = postSolution
		SolutionGuid = {7425EF17-3E51-44BE-BB65-521E46BB97EA}
	EndGlobalSection
EndGlobal
